// !$*UTF8*$!
{
	archiveVersion = 1;
	classes = {
	};
	objectVersion = 56;
	objects = {

/* Begin PBXBuildFile section */
		F664991A2BA8FCD6003E49BE /* AppDelegate.swift in Sources */ = {isa = PBXBuildFile; fileRef = F66499192BA8FCD6003E49BE /* AppDelegate.swift */; };
		F664991C2BA8FCD6003E49BE /* SceneDelegate.swift in Sources */ = {isa = PBXBuildFile; fileRef = F664991B2BA8FCD6003E49BE /* SceneDelegate.swift */; };
		F664991E2BA8FCD6003E49BE /* MainViewController.swift in Sources */ = {isa = PBXBuildFile; fileRef = F664991D2BA8FCD6003E49BE /* MainViewController.swift */; };
		F66499212BA8FCD6003E49BE /* Main.storyboard in Resources */ = {isa = PBXBuildFile; fileRef = F664991F2BA8FCD6003E49BE /* Main.storyboard */; };
		F66499232BA8FCD8003E49BE /* Assets.xcassets in Resources */ = {isa = PBXBuildFile; fileRef = F66499222BA8FCD8003E49BE /* Assets.xcassets */; };
		F66499262BA8FCD8003E49BE /* LaunchScreen.storyboard in Resources */ = {isa = PBXBuildFile; fileRef = F66499242BA8FCD8003E49BE /* LaunchScreen.storyboard */; };
		F66499332BA8FDF5003E49BE /* NetworkManager.swift in Sources */ = {isa = PBXBuildFile; fileRef = F66499322BA8FDF5003E49BE /* NetworkManager.swift */; };
		F66499352BA8FE98003E49BE /* Board.swift in Sources */ = {isa = PBXBuildFile; fileRef = F66499342BA8FE98003E49BE /* Board.swift */; };
/* End PBXBuildFile section */

/* Begin PBXFileReference section */
		F66499162BA8FCD6003E49BE /* NetworkProject.app */ = {isa = PBXFileReference; explicitFileType = wrapper.application; includeInIndex = 0; path = NetworkProject.app; sourceTree = BUILT_PRODUCTS_DIR; };
		F66499192BA8FCD6003E49BE /* AppDelegate.swift */ = {isa = PBXFileReference; lastKnownFileType = sourcecode.swift; path = AppDelegate.swift; sourceTree = "<group>"; };
		F664991B2BA8FCD6003E49BE /* SceneDelegate.swift */ = {isa = PBXFileReference; lastKnownFileType = sourcecode.swift; path = SceneDelegate.swift; sourceTree = "<group>"; };
		F664991D2BA8FCD6003E49BE /* MainViewController.swift */ = {isa = PBXFileReference; lastKnownFileType = sourcecode.swift; path = MainViewController.swift; sourceTree = "<group>"; };
		F66499202BA8FCD6003E49BE /* Base */ = {isa = PBXFileReference; lastKnownFileType = file.storyboard; name = Base; path = Base.lproj/Main.storyboard; sourceTree = "<group>"; };
		F66499222BA8FCD8003E49BE /* Assets.xcassets */ = {isa = PBXFileReference; lastKnownFileType = folder.assetcatalog; path = Assets.xcassets; sourceTree = "<group>"; };
		F66499252BA8FCD8003E49BE /* Base */ = {isa = PBXFileReference; lastKnownFileType = file.storyboard; name = Base; path = Base.lproj/LaunchScreen.storyboard; sourceTree = "<group>"; };
		F66499272BA8FCD8003E49BE /* Info.plist */ = {isa = PBXFileReference; lastKnownFileType = text.plist.xml; path = Info.plist; sourceTree = "<group>"; };
		F66499322BA8FDF5003E49BE /* NetworkManager.swift */ = {isa = PBXFileReference; lastKnownFileType = sourcecode.swift; path = NetworkManager.swift; sourceTree = "<group>"; };
		F66499342BA8FE98003E49BE /* Board.swift */ = {isa = PBXFileReference; lastKnownFileType = sourcecode.swift; path = Board.swift; sourceTree = "<group>"; };
/* End PBXFileReference section */

/* Begin PBXFrameworksBuildPhase section */
		F66499132BA8FCD6003E49BE /* Frameworks */ = {
			isa = PBXFrameworksBuildPhase;
			buildActionMask = 2147483647;
			files = (
			);
			runOnlyForDeploymentPostprocessing = 0;
		};
/* End PBXFrameworksBuildPhase section */

/* Begin PBXGroup section */
		F664990D2BA8FCD6003E49BE = {
			isa = PBXGroup;
			children = (
				F66499182BA8FCD6003E49BE /* NetworkProject */,
				F66499172BA8FCD6003E49BE /* Products */,
			);
			sourceTree = "<group>";
		};
		F66499172BA8FCD6003E49BE /* Products */ = {
			isa = PBXGroup;
			children = (
				F66499162BA8FCD6003E49BE /* NetworkProject.app */,
			);
			name = Products;
			sourceTree = "<group>";
		};
		F66499182BA8FCD6003E49BE /* NetworkProject */ = {
			isa = PBXGroup;
			children = (
				F66499312BA8FD98003E49BE /* Services */,
				F66499302BA8FD8A003E49BE /* ViewControllers */,
				F664992F2BA8FD7F003E49BE /* Models */,
				F664992E2BA8FD66003E49BE /* Storyboards */,
				F664992D2BA8FD5D003E49BE /* App */,
				F66499222BA8FCD8003E49BE /* Assets.xcassets */,
			);
			path = NetworkProject;
			sourceTree = "<group>";
		};
		F664992D2BA8FD5D003E49BE /* App */ = {
			isa = PBXGroup;
			children = (
				F66499272BA8FCD8003E49BE /* Info.plist */,
				F664991B2BA8FCD6003E49BE /* SceneDelegate.swift */,
				F66499192BA8FCD6003E49BE /* AppDelegate.swift */,
			);
			path = App;
			sourceTree = "<group>";
		};
		F664992E2BA8FD66003E49BE /* Storyboards */ = {
			isa = PBXGroup;
			children = (
				F664991F2BA8FCD6003E49BE /* Main.storyboard */,
				F66499242BA8FCD8003E49BE /* LaunchScreen.storyboard */,
			);
			path = Storyboards;
			sourceTree = "<group>";
		};
		F664992F2BA8FD7F003E49BE /* Models */ = {
			isa = PBXGroup;
			children = (
				F66499342BA8FE98003E49BE /* Board.swift */,
			);
			path = Models;
			sourceTree = "<group>";
		};
		F66499302BA8FD8A003E49BE /* ViewControllers */ = {
			isa = PBXGroup;
			children = (
				F664991D2BA8FCD6003E49BE /* MainViewController.swift */,
			);
			path = ViewControllers;
			sourceTree = "<group>";
		};
		F66499312BA8FD98003E49BE /* Services */ = {
			isa = PBXGroup;
			children = (
				F66499322BA8FDF5003E49BE /* NetworkManager.swift */,
			);
			path = Services;
			sourceTree = "<group>";
		};
/* End PBXGroup section */

/* Begin PBXNativeTarget section */
		F66499152BA8FCD6003E49BE /* NetworkProject */ = {
			isa = PBXNativeTarget;
			buildConfigurationList = F664992A2BA8FCD8003E49BE /* Build configuration list for PBXNativeTarget "NetworkProject" */;
			buildPhases = (
				F66499122BA8FCD6003E49BE /* Sources */,
				F66499132BA8FCD6003E49BE /* Frameworks */,
				F66499142BA8FCD6003E49BE /* Resources */,
			);
			buildRules = (
			);
			dependencies = (
			);
			name = NetworkProject;
			productName = NetworkProject;
			productReference = F66499162BA8FCD6003E49BE /* NetworkProject.app */;
			productType = "com.apple.product-type.application";
		};
/* End PBXNativeTarget section */

/* Begin PBXProject section */
		F664990E2BA8FCD6003E49BE /* Project object */ = {
			isa = PBXProject;
			attributes = {
				BuildIndependentTargetsInParallel = 1;
				LastSwiftUpdateCheck = 1520;
				LastUpgradeCheck = 1520;
				TargetAttributes = {
					F66499152BA8FCD6003E49BE = {
						CreatedOnToolsVersion = 15.2;
					};
				};
			};
			buildConfigurationList = F66499112BA8FCD6003E49BE /* Build configuration list for PBXProject "NetworkProject" */;
			compatibilityVersion = "Xcode 14.0";
			developmentRegion = en;
			hasScannedForEncodings = 0;
			knownRegions = (
				en,
				Base,
			);
			mainGroup = F664990D2BA8FCD6003E49BE;
			productRefGroup = F66499172BA8FCD6003E49BE /* Products */;
			projectDirPath = "";
			projectRoot = "";
			targets = (
				F66499152BA8FCD6003E49BE /* NetworkProject */,
			);
		};
/* End PBXProject section */

/* Begin PBXResourcesBuildPhase section */
		F66499142BA8FCD6003E49BE /* Resources */ = {
			isa = PBXResourcesBuildPhase;
			buildActionMask = 2147483647;
			files = (
				F66499262BA8FCD8003E49BE /* LaunchScreen.storyboard in Resources */,
				F66499232BA8FCD8003E49BE /* Assets.xcassets in Resources */,
				F66499212BA8FCD6003E49BE /* Main.storyboard in Resources */,
			);
			runOnlyForDeploymentPostprocessing = 0;
		};
/* End PBXResourcesBuildPhase section */

/* Begin PBXSourcesBuildPhase section */
		F66499122BA8FCD6003E49BE /* Sources */ = {
			isa = PBXSourcesBuildPhase;
			buildActionMask = 2147483647;
			files = (
				F66499332BA8FDF5003E49BE /* NetworkManager.swift in Sources */,
				F664991E2BA8FCD6003E49BE /* MainViewController.swift in Sources */,
				F66499352BA8FE98003E49BE /* Board.swift in Sources */,
				F664991A2BA8FCD6003E49BE /* AppDelegate.swift in Sources */,
				F664991C2BA8FCD6003E49BE /* SceneDelegate.swift in Sources */,
			);
			runOnlyForDeploymentPostprocessing = 0;
		};
/* End PBXSourcesBuildPhase section */

/* Begin PBXVariantGroup section */
		F664991F2BA8FCD6003E49BE /* Main.storyboard */ = {
			isa = PBXVariantGroup;
			children = (
				F66499202BA8FCD6003E49BE /* Base */,
			);
			name = Main.storyboard;
			sourceTree = "<group>";
		};
		F66499242BA8FCD8003E49BE /* LaunchScreen.storyboard */ = {
			isa = PBXVariantGroup;
			children = (
				F66499252BA8FCD8003E49BE /* Base */,
			);
			name = LaunchScreen.storyboard;
			sourceTree = "<group>";
		};
/* End PBXVariantGroup section */

/* Begin XCBuildConfiguration section */
		F66499282BA8FCD8003E49BE /* Debug */ = {
			isa = XCBuildConfiguration;
			buildSettings = {
				ALWAYS_SEARCH_USER_PATHS = NO;
				ASSETCATALOG_COMPILER_GENERATE_SWIFT_ASSET_SYMBOL_EXTENSIONS = YES;
				CLANG_ANALYZER_NONNULL = YES;
				CLANG_ANALYZER_NUMBER_OBJECT_CONVERSION = YES_AGGRESSIVE;
				CLANG_CXX_LANGUAGE_STANDARD = "gnu++20";
				CLANG_ENABLE_MODULES = YES;
				CLANG_ENABLE_OBJC_ARC = YES;
				CLANG_ENABLE_OBJC_WEAK = YES;
				CLANG_WARN_BLOCK_CAPTURE_AUTORELEASING = YES;
				CLANG_WARN_BOOL_CONVERSION = YES;
				CLANG_WARN_COMMA = YES;
				CLANG_WARN_CONSTANT_CONVERSION = YES;
				CLANG_WARN_DEPRECATED_OBJC_IMPLEMENTATIONS = YES;
				CLANG_WARN_DIRECT_OBJC_ISA_USAGE = YES_ERROR;
				CLANG_WARN_DOCUMENTATION_COMMENTS = YES;
				CLANG_WARN_EMPTY_BODY = YES;
				CLANG_WARN_ENUM_CONVERSION = YES;
				CLANG_WARN_INFINITE_RECURSION = YES;
				CLANG_WARN_INT_CONVERSION = YES;
				CLANG_WARN_NON_LITERAL_NULL_CONVERSION = YES;
				CLANG_WARN_OBJC_IMPLICIT_RETAIN_SELF = YES;
				CLANG_WARN_OBJC_LITERAL_CONVERSION = YES;
				CLANG_WARN_OBJC_ROOT_CLASS = YES_ERROR;
				CLANG_WARN_QUOTED_INCLUDE_IN_FRAMEWORK_HEADER = YES;
				CLANG_WARN_RANGE_LOOP_ANALYSIS = YES;
				CLANG_WARN_STRICT_PROTOTYPES = YES;
				CLANG_WARN_SUSPICIOUS_MOVE = YES;
				CLANG_WARN_UNGUARDED_AVAILABILITY = YES_AGGRESSIVE;
				CLANG_WARN_UNREACHABLE_CODE = YES;
				CLANG_WARN__DUPLICATE_METHOD_MATCH = YES;
				COPY_PHASE_STRIP = NO;
				DEBUG_INFORMATION_FORMAT = dwarf;
				ENABLE_STRICT_OBJC_MSGSEND = YES;
				ENABLE_TESTABILITY = YES;
				ENABLE_USER_SCRIPT_SANDBOXING = YES;
				GCC_C_LANGUAGE_STANDARD = gnu17;
				GCC_DYNAMIC_NO_PIC = NO;
				GCC_NO_COMMON_BLOCKS = YES;
				GCC_OPTIMIZATION_LEVEL = 0;
				GCC_PREPROCESSOR_DEFINITIONS = (
					"DEBUG=1",
					"$(inherited)",
				);
				GCC_WARN_64_TO_32_BIT_CONVERSION = YES;
				GCC_WARN_ABOUT_RETURN_TYPE = YES_ERROR;
				GCC_WARN_UNDECLARED_SELECTOR = YES;
				GCC_WARN_UNINITIALIZED_AUTOS = YES_AGGRESSIVE;
				GCC_WARN_UNUSED_FUNCTION = YES;
				GCC_WARN_UNUSED_VARIABLE = YES;
				IPHONEOS_DEPLOYMENT_TARGET = 17.2;
				LOCALIZATION_PREFERS_STRING_CATALOGS = YES;
				MTL_ENABLE_DEBUG_INFO = INCLUDE_SOURCE;
				MTL_FAST_MATH = YES;
				ONLY_ACTIVE_ARCH = YES;
				SDKROOT = iphoneos;
				SWIFT_ACTIVE_COMPILATION_CONDITIONS = "DEBUG $(inherited)";
				SWIFT_OPTIMIZATION_LEVEL = "-Onone";
			};
			name = Debug;
		};
		F66499292BA8FCD8003E49BE /* Release */ = {
			isa = XCBuildConfiguration;
			buildSettings = {
				ALWAYS_SEARCH_USER_PATHS = NO;
				ASSETCATALOG_COMPILER_GENERATE_SWIFT_ASSET_SYMBOL_EXTENSIONS = YES;
				CLANG_ANALYZER_NONNULL = YES;
				CLANG_ANALYZER_NUMBER_OBJECT_CONVERSION = YES_AGGRESSIVE;
				CLANG_CXX_LANGUAGE_STANDARD = "gnu++20";
				CLANG_ENABLE_MODULES = YES;
				CLANG_ENABLE_OBJC_ARC = YES;
				CLANG_ENABLE_OBJC_WEAK = YES;
				CLANG_WARN_BLOCK_CAPTURE_AUTORELEASING = YES;
				CLANG_WARN_BOOL_CONVERSION = YES;
				CLANG_WARN_COMMA = YES;
				CLANG_WARN_CONSTANT_CONVERSION = YES;
				CLANG_WARN_DEPRECATED_OBJC_IMPLEMENTATIONS = YES;
				CLANG_WARN_DIRECT_OBJC_ISA_USAGE = YES_ERROR;
				CLANG_WARN_DOCUMENTATION_COMMENTS = YES;
				CLANG_WARN_EMPTY_BODY = YES;
				CLANG_WARN_ENUM_CONVERSION = YES;
				CLANG_WARN_INFINITE_RECURSION = YES;
				CLANG_WARN_INT_CONVERSION = YES;
				CLANG_WARN_NON_LITERAL_NULL_CONVERSION = YES;
				CLANG_WARN_OBJC_IMPLICIT_RETAIN_SELF = YES;
				CLANG_WARN_OBJC_LITERAL_CONVERSION = YES;
				CLANG_WARN_OBJC_ROOT_CLASS = YES_ERROR;
				CLANG_WARN_QUOTED_INCLUDE_IN_FRAMEWORK_HEADER = YES;
				CLANG_WARN_RANGE_LOOP_ANALYSIS = YES;
				CLANG_WARN_STRICT_PROTOTYPES = YES;
				CLANG_WARN_SUSPICIOUS_MOVE = YES;
				CLANG_WARN_UNGUARDED_AVAILABILITY = YES_AGGRESSIVE;
				CLANG_WARN_UNREACHABLE_CODE = YES;
				CLANG_WARN__DUPLICATE_METHOD_MATCH = YES;
				COPY_PHASE_STRIP = NO;
				DEBUG_INFORMATION_FORMAT = "dwarf-with-dsym";
				ENABLE_NS_ASSERTIONS = NO;
				ENABLE_STRICT_OBJC_MSGSEND = YES;
				ENABLE_USER_SCRIPT_SANDBOXING = YES;
				GCC_C_LANGUAGE_STANDARD = gnu17;
				GCC_NO_COMMON_BLOCKS = YES;
				GCC_WARN_64_TO_32_BIT_CONVERSION = YES;
				GCC_WARN_ABOUT_RETURN_TYPE = YES_ERROR;
				GCC_WARN_UNDECLARED_SELECTOR = YES;
				GCC_WARN_UNINITIALIZED_AUTOS = YES_AGGRESSIVE;
				GCC_WARN_UNUSED_FUNCTION = YES;
				GCC_WARN_UNUSED_VARIABLE = YES;
				IPHONEOS_DEPLOYMENT_TARGET = 17.2;
				LOCALIZATION_PREFERS_STRING_CATALOGS = YES;
				MTL_ENABLE_DEBUG_INFO = NO;
				MTL_FAST_MATH = YES;
				SDKROOT = iphoneos;
				SWIFT_COMPILATION_MODE = wholemodule;
				VALIDATE_PRODUCT = YES;
			};
			name = Release;
		};
		F664992B2BA8FCD8003E49BE /* Debug */ = {
			isa = XCBuildConfiguration;
			buildSettings = {
				ASSETCATALOG_COMPILER_APPICON_NAME = AppIcon;
				ASSETCATALOG_COMPILER_GLOBAL_ACCENT_COLOR_NAME = AccentColor;
				CODE_SIGN_STYLE = Automatic;
				CURRENT_PROJECT_VERSION = 1;
				DEVELOPMENT_TEAM = R3J978T828;
				GENERATE_INFOPLIST_FILE = YES;
				INFOPLIST_FILE = NetworkProject/App/Info.plist;
				INFOPLIST_KEY_UIApplicationSupportsIndirectInputEvents = YES;
				INFOPLIST_KEY_UILaunchStoryboardName = LaunchScreen.storyboard;
				INFOPLIST_KEY_UIMainStoryboardFile = Main;
				INFOPLIST_KEY_UISupportedInterfaceOrientations_iPad = "UIInterfaceOrientationPortrait UIInterfaceOrientationPortraitUpsideDown UIInterfaceOrientationLandscapeLeft UIInterfaceOrientationLandscapeRight";
				INFOPLIST_KEY_UISupportedInterfaceOrientations_iPhone = "UIInterfaceOrientationPortrait UIInterfaceOrientationLandscapeLeft UIInterfaceOrientationLandscapeRight";
				LD_RUNPATH_SEARCH_PATHS = (
					"$(inherited)",
					"@executable_path/Frameworks",
				);
				MARKETING_VERSION = 1.0;
				PRODUCT_BUNDLE_IDENTIFIER = ru.MuslimGapparov.NetworkProject;
				PRODUCT_NAME = "$(TARGET_NAME)";
				SUPPORTED_PLATFORMS = "iphoneos iphonesimulator";
				SUPPORTS_MACCATALYST = NO;
				SUPPORTS_MAC_DESIGNED_FOR_IPHONE_IPAD = NO;
				SUPPORTS_XR_DESIGNED_FOR_IPHONE_IPAD = NO;
				SWIFT_EMIT_LOC_STRINGS = YES;
				SWIFT_VERSION = 5.0;
				TARGETED_DEVICE_FAMILY = 1;
			};
			name = Debug;
		};
		F664992C2BA8FCD8003E49BE /* Release */ = {
			isa = XCBuildConfiguration;
			buildSettings = {
				ASSETCATALOG_COMPILER_APPICON_NAME = AppIcon;
				ASSETCATALOG_COMPILER_GLOBAL_ACCENT_COLOR_NAME = AccentColor;
				CODE_SIGN_STYLE = Automatic;
				CURRENT_PROJECT_VERSION = 1;
				DEVELOPMENT_TEAM = R3J978T828;
				GENERATE_INFOPLIST_FILE = YES;
				INFOPLIST_FILE = NetworkProject/App/Info.plist;
				INFOPLIST_KEY_UIApplicationSupportsIndirectInputEvents = YES;
				INFOPLIST_KEY_UILaunchStoryboardName = LaunchScreen.storyboard;
				INFOPLIST_KEY_UIMainStoryboardFile = Main;
				INFOPLIST_KEY_UISupportedInterfaceOrientations_iPad = "UIInterfaceOrientationPortrait UIInterfaceOrientationPortraitUpsideDown UIInterfaceOrientationLandscapeLeft UIInterfaceOrientationLandscapeRight";
				INFOPLIST_KEY_UISupportedInterfaceOrientations_iPhone = "UIInterfaceOrientationPortrait UIInterfaceOrientationLandscapeLeft UIInterfaceOrientationLandscapeRight";
				LD_RUNPATH_SEARCH_PATHS = (
					"$(inherited)",
					"@executable_path/Frameworks",
				);
				MARKETING_VERSION = 1.0;
				PRODUCT_BUNDLE_IDENTIFIER = ru.MuslimGapparov.NetworkProject;
				PRODUCT_NAME = "$(TARGET_NAME)";
				SUPPORTED_PLATFORMS = "iphoneos iphonesimulator";
				SUPPORTS_MACCATALYST = NO;
				SUPPORTS_MAC_DESIGNED_FOR_IPHONE_IPAD = NO;
				SUPPORTS_XR_DESIGNED_FOR_IPHONE_IPAD = NO;
				SWIFT_EMIT_LOC_STRINGS = YES;
				SWIFT_VERSION = 5.0;
				TARGETED_DEVICE_FAMILY = 1;
			};
			name = Release;
		};
/* End XCBuildConfiguration section */

/* Begin XCConfigurationList section */
		F66499112BA8FCD6003E49BE /* Build configuration list for PBXProject "NetworkProject" */ = {
			isa = XCConfigurationList;
			buildConfigurations = (
				F66499282BA8FCD8003E49BE /* Debug */,
				F66499292BA8FCD8003E49BE /* Release */,
			);
			defaultConfigurationIsVisible = 0;
			defaultConfigurationName = Release;
		};
		F664992A2BA8FCD8003E49BE /* Build configuration list for PBXNativeTarget "NetworkProject" */ = {
			isa = XCConfigurationList;
			buildConfigurations = (
				F664992B2BA8FCD8003E49BE /* Debug */,
				F664992C2BA8FCD8003E49BE /* Release */,
			);
			defaultConfigurationIsVisible = 0;
			defaultConfigurationName = Release;
		};
/* End XCConfigurationList section */
	};
	rootObject = F664990E2BA8FCD6003E49BE /* Project object */;
}
